
Microsoft Visual Studio Solution File, Format Version 12.00
# Visual Studio Version 16
VisualStudioVersion = 16.0.31424.327
MinimumVisualStudioVersion = 10.0.40219.1
Project("{FAE04EC0-301F-11D3-BF4B-00C04F79EFBC}") = "CDMSealAPIServer", "CDMSealAPIServer\CDMSealAPIServer.csproj", "{1BC81970-5088-48FD-9AA0-17C0E507777C}"
EndProject
Project("{FAE04EC0-301F-11D3-BF4B-00C04F79EFBC}") = "CDMSealCore", "CDMSealCore\CDMSealCore.csproj", "{CEDF04B5-3AAD-4785-98DD-43690C063E00}"
EndProject
Global
	GlobalSection(SolutionConfigurationPlatforms) = preSolution
		Debug|Any CPU = Debug|Any CPU
		Release|Any CPU = Release|Any CPU
	EndGlobalSection
	GlobalSection(ProjectConfigurationPlatforms) = postSolution
		{1BC81970-5088-48FD-9AA0-17C0E507777C}.Debug|Any CPU.ActiveCfg = Debug|Any CPU
		{1BC81970-5088-48FD-9AA0-17C0E507777C}.Debug|Any CPU.Build.0 = Debug|Any CPU
		{1BC81970-5088-48FD-9AA0-17C0E507777C}.Release|Any CPU.ActiveCfg = Release|Any CPU
		{1BC81970-5088-48FD-9AA0-17C0E507777C}.Release|Any CPU.Build.0 = Release|Any CPU
		{CEDF04B5-3AAD-4785-98DD-43690C063E00}.Debug|Any CPU.ActiveCfg = Debug|Any CPU
		{CEDF04B5-3AAD-4785-98DD-43690C063E00}.Debug|Any CPU.Build.0 = Debug|Any CPU
		{CEDF04B5-3AAD-4785-98DD-43690C063E00}.Release|Any CPU.ActiveCfg = Release|Any CPU
		{CEDF04B5-3AAD-4785-98DD-43690C063E00}.Release|Any CPU.Build.0 = Release|Any CPU
	EndGlobalSection
	GlobalSection(SolutionProperties) = preSolution
		HideSolutionNode = FALSE
	EndGlobalSection
	GlobalSection(ExtensibilityGlobals) = postSolution
		SolutionGuid = {0E933968-970C-4EAA-834F-16FAB1F253EF}
	EndGlobalSection
EndGlobal
